Microsoft Visual Studio Solution File, Format Version 12.00
# Visual Studio Version 17
VisualStudioVersion = 17.13.35825.156
MinimumVisualStudioVersion = 10.0.40219.1
Project("{FAE04EC0-301F-11D3-BF4B-00C04F79EFBC}") = "AspirePaymentGateway.AppHost", "AspirePaymentGateway.AppHost\AspirePaymentGateway.AppHost.csproj", "{BBE90072-3AD9-42FA-8217-3875A57A0CA3}"
EndProject
Project("{FAE04EC0-301F-11D3-BF4B-00C04F79EFBC}") = "AspirePaymentGateway.ServiceDefaults", "AspirePaymentGateway.ServiceDefaults\AspirePaymentGateway.ServiceDefaults.csproj", "{757455C5-83CB-B5A2-7FEF-1750BB565C1C}"
EndProject
Project("{FAE04EC0-301F-11D3-BF4B-00C04F79EFBC}") = "AspirePaymentGateway.Api", "AspirePaymentGateway.Api\AspirePaymentGateway.Api.csproj", "{42B924DD-014F-3F4E-E441-BA2F98B64B9F}"
EndProject
Project("{FAE04EC0-301F-11D3-BF4B-00C04F79EFBC}") = "AspirePaymentGateway.MockBankApi", "AspirePaymentGateway.MockBankApi\AspirePaymentGateway.MockBankApi.csproj", "{51AB51B4-2541-0F4E-DE24-1528A6A9AF62}"
EndProject
Project("{FAE04EC0-301F-11D3-BF4B-00C04F79EFBC}") = "AspirePaymentGateway.FraudApi", "AspirePaymentGateway.FraudApi\AspirePaymentGateway.FraudApi.csproj", "{B2F10EED-F6EB-56A8-BF5A-BE82C036215B}"
EndProject
Project("{FAE04EC0-301F-11D3-BF4B-00C04F79EFBC}") = "BinaryMash.Extensions.FluentValidation", "BinaryMash.Extensions.FluentValidation\BinaryMash.Extensions.FluentValidation.csproj", "{E69F0BE8-88D7-4CA1-8D75-08A9C5C9101F}"
EndProject
Project("{FAE04EC0-301F-11D3-BF4B-00C04F79EFBC}") = "AspirePaymentGateway.Tests", "AspirePaymentGateway.Tests\AspirePaymentGateway.Tests.csproj", "{D48B5933-DEAA-4D4F-A36B-C4AAC7B23798}"
EndProject
Project("{FAE04EC0-301F-11D3-BF4B-00C04F79EFBC}") = "AspirePaymentGateway.Api.Tests", "AspirePaymentGateway.Api.Tests\AspirePaymentGateway.Api.Tests.csproj", "{D6C34AAE-7848-4F20-AA5A-07179A805C9D}"
EndProject
Project("{2150E333-8FDC-42A3-9474-1A3956D46DE8}") = "Solution Items", "Solution Items", "{8EC462FD-D22E-90A8-E5CE-7E832BA40C5D}"
	ProjectSection(SolutionItems) = preProject
		.editorconfig = .editorconfig
		BannedSymbols.txt = BannedSymbols.txt
		coverlet.runsettings = coverlet.runsettings
		Directory.Packages.props = Directory.Packages.props
		..\run-tests.sh = ..\run-tests.sh
	EndProjectSection
EndProject
Project("{2150E333-8FDC-42A3-9474-1A3956D46DE8}") = "k6", "k6", "{02EA681E-C7D8-13C7-8484-4AC65E1B71E8}"
	ProjectSection(SolutionItems) = preProject
		k6\script.js = k6\script.js
	EndProjectSection
EndProject
Global
	GlobalSection(SolutionConfigurationPlatforms) = preSolution
		Debug|Any CPU = Debug|Any CPU
		Release|Any CPU = Release|Any CPU
	EndGlobalSection
	GlobalSection(ProjectConfigurationPlatforms) = postSolution
		{BBE90072-3AD9-42FA-8217-3875A57A0CA3}.Debug|Any CPU.ActiveCfg = Debug|Any CPU
		{BBE90072-3AD9-42FA-8217-3875A57A0CA3}.Debug|Any CPU.Build.0 = Debug|Any CPU
		{BBE90072-3AD9-42FA-8217-3875A57A0CA3}.Release|Any CPU.ActiveCfg = Release|Any CPU
		{BBE90072-3AD9-42FA-8217-3875A57A0CA3}.Release|Any CPU.Build.0 = Release|Any CPU
		{757455C5-83CB-B5A2-7FEF-1750BB565C1C}.Debug|Any CPU.ActiveCfg = Debug|Any CPU
		{757455C5-83CB-B5A2-7FEF-1750BB565C1C}.Debug|Any CPU.Build.0 = Debug|Any CPU
		{757455C5-83CB-B5A2-7FEF-1750BB565C1C}.Release|Any CPU.ActiveCfg = Release|Any CPU
		{757455C5-83CB-B5A2-7FEF-1750BB565C1C}.Release|Any CPU.Build.0 = Release|Any CPU
		{42B924DD-014F-3F4E-E441-BA2F98B64B9F}.Debug|Any CPU.ActiveCfg = Debug|Any CPU
		{42B924DD-014F-3F4E-E441-BA2F98B64B9F}.Debug|Any CPU.Build.0 = Debug|Any CPU
		{42B924DD-014F-3F4E-E441-BA2F98B64B9F}.Release|Any CPU.ActiveCfg = Release|Any CPU
		{42B924DD-014F-3F4E-E441-BA2F98B64B9F}.Release|Any CPU.Build.0 = Release|Any CPU
		{51AB51B4-2541-0F4E-DE24-1528A6A9AF62}.Debug|Any CPU.ActiveCfg = Debug|Any CPU
		{51AB51B4-2541-0F4E-DE24-1528A6A9AF62}.Debug|Any CPU.Build.0 = Debug|Any CPU
		{51AB51B4-2541-0F4E-DE24-1528A6A9AF62}.Release|Any CPU.ActiveCfg = Release|Any CPU
		{51AB51B4-2541-0F4E-DE24-1528A6A9AF62}.Release|Any CPU.Build.0 = Release|Any CPU
		{B2F10EED-F6EB-56A8-BF5A-BE82C036215B}.Debug|Any CPU.ActiveCfg = Debug|Any CPU
		{B2F10EED-F6EB-56A8-BF5A-BE82C036215B}.Debug|Any CPU.Build.0 = Debug|Any CPU
		{B2F10EED-F6EB-56A8-BF5A-BE82C036215B}.Release|Any CPU.ActiveCfg = Release|Any CPU
		{B2F10EED-F6EB-56A8-BF5A-BE82C036215B}.Release|Any CPU.Build.0 = Release|Any CPU
		{E69F0BE8-88D7-4CA1-8D75-08A9C5C9101F}.Debug|Any CPU.ActiveCfg = Debug|Any CPU
		{E69F0BE8-88D7-4CA1-8D75-08A9C5C9101F}.Debug|Any CPU.Build.0 = Debug|Any CPU
		{E69F0BE8-88D7-4CA1-8D75-08A9C5C9101F}.Release|Any CPU.ActiveCfg = Release|Any CPU
		{E69F0BE8-88D7-4CA1-8D75-08A9C5C9101F}.Release|Any CPU.Build.0 = Release|Any CPU
		{D48B5933-DEAA-4D4F-A36B-C4AAC7B23798}.Debug|Any CPU.ActiveCfg = Debug|Any CPU
		{D48B5933-DEAA-4D4F-A36B-C4AAC7B23798}.Debug|Any CPU.Build.0 = Debug|Any CPU
		{D48B5933-DEAA-4D4F-A36B-C4AAC7B23798}.Release|Any CPU.ActiveCfg = Release|Any CPU
		{D48B5933-DEAA-4D4F-A36B-C4AAC7B23798}.Release|Any CPU.Build.0 = Release|Any CPU
		{D6C34AAE-7848-4F20-AA5A-07179A805C9D}.Debug|Any CPU.ActiveCfg = Debug|Any CPU
		{D6C34AAE-7848-4F20-AA5A-07179A805C9D}.Debug|Any CPU.Build.0 = Debug|Any CPU
		{D6C34AAE-7848-4F20-AA5A-07179A805C9D}.Release|Any CPU.ActiveCfg = Release|Any CPU
		{D6C34AAE-7848-4F20-AA5A-07179A805C9D}.Release|Any CPU.Build.0 = Release|Any CPU
	EndGlobalSection
	GlobalSection(SolutionProperties) = preSolution
		HideSolutionNode = FALSE
	EndGlobalSection
	GlobalSection(ExtensibilityGlobals) = postSolution
		SolutionGuid = {663CECE0-A9EC-4BE0-880E-D3EEA80AE27B}
	EndGlobalSection
EndGlobal
